// !$*UTF8*$!
{
	archiveVersion = 1;
	classes = {
	};
	objectVersion = 56;
	objects = {

/* Begin PBXBuildFile section */
		A713A3DB2924C4C100FA5054 /* NotificationManager.swift in Sources */ = {isa = PBXBuildFile; fileRef = A713A3DA2924C4C100FA5054 /* NotificationManager.swift */; };
		A72C60C02918EBB700A7A5D9 /* MovieAppApp.swift in Sources */ = {isa = PBXBuildFile; fileRef = A72C60BF2918EBB700A7A5D9 /* MovieAppApp.swift */; };
		A72C60C22918EBB700A7A5D9 /* LoginView.swift in Sources */ = {isa = PBXBuildFile; fileRef = A72C60C12918EBB700A7A5D9 /* LoginView.swift */; };
		A72C60C42918EBB800A7A5D9 /* Assets.xcassets in Resources */ = {isa = PBXBuildFile; fileRef = A72C60C32918EBB800A7A5D9 /* Assets.xcassets */; };
		A72C60C72918EBB800A7A5D9 /* Preview Assets.xcassets in Resources */ = {isa = PBXBuildFile; fileRef = A72C60C62918EBB800A7A5D9 /* Preview Assets.xcassets */; };
		A72C60D12918EBB800A7A5D9 /* MovieAppTests.swift in Sources */ = {isa = PBXBuildFile; fileRef = A72C60D02918EBB800A7A5D9 /* MovieAppTests.swift */; };
		A72C60DB2918EBB800A7A5D9 /* MovieAppUITests.swift in Sources */ = {isa = PBXBuildFile; fileRef = A72C60DA2918EBB800A7A5D9 /* MovieAppUITests.swift */; };
		A72C60DD2918EBB800A7A5D9 /* MovieAppUITestsLaunchTests.swift in Sources */ = {isa = PBXBuildFile; fileRef = A72C60DC2918EBB800A7A5D9 /* MovieAppUITestsLaunchTests.swift */; };
		A72C60EA2918F0A000A7A5D9 /* MovieListView.swift in Sources */ = {isa = PBXBuildFile; fileRef = A72C60E92918F0A000A7A5D9 /* MovieListView.swift */; };
		A72C60EC2918F88C00A7A5D9 /* KeychainManager.swift in Sources */ = {isa = PBXBuildFile; fileRef = A72C60EB2918F88C00A7A5D9 /* KeychainManager.swift */; };
		A72C60F1291A673C00A7A5D9 /* APIService.swift in Sources */ = {isa = PBXBuildFile; fileRef = A72C60F0291A673C00A7A5D9 /* APIService.swift */; };
		A72C60F3291A79C000A7A5D9 /* MovieResponse.swift in Sources */ = {isa = PBXBuildFile; fileRef = A72C60F2291A79C000A7A5D9 /* MovieResponse.swift */; };
		A72C60F5291A916B00A7A5D9 /* MovieDetailsView.swift in Sources */ = {isa = PBXBuildFile; fileRef = A72C60F4291A916B00A7A5D9 /* MovieDetailsView.swift */; };
		A73C69D529224693009BD52D /* URLImageView.swift in Sources */ = {isa = PBXBuildFile; fileRef = A73C69D429224693009BD52D /* URLImageView.swift */; };
		A74800C3292A3DCC00B8A643 /* LoginDataManager.swift in Sources */ = {isa = PBXBuildFile; fileRef = A74800C2292A3DCC00B8A643 /* LoginDataManager.swift */; };
		A79A41F6291BC3E4005B4CBA /* FavoritesManager.swift in Sources */ = {isa = PBXBuildFile; fileRef = A79A41F5291BC3E4005B4CBA /* FavoritesManager.swift */; };
		A79A41F9291BE2F7005B4CBA /* MovieListViewModel.swift in Sources */ = {isa = PBXBuildFile; fileRef = A79A41F8291BE2F7005B4CBA /* MovieListViewModel.swift */; };
		A79A41FB291BE31A005B4CBA /* LoginStateManager.swift in Sources */ = {isa = PBXBuildFile; fileRef = A79A41FA291BE31A005B4CBA /* LoginStateManager.swift */; };
		A79E1E65291CCAB100BF4851 /* ErrorView.swift in Sources */ = {isa = PBXBuildFile; fileRef = A79E1E64291CCAB100BF4851 /* ErrorView.swift */; };
		A79E1E67291CF2AD00BF4851 /* AuthTokenManager.swift in Sources */ = {isa = PBXBuildFile; fileRef = A79E1E66291CF2AD00BF4851 /* AuthTokenManager.swift */; };
		A7D99FA8292522A5007FC32A /* MovieRowView.swift in Sources */ = {isa = PBXBuildFile; fileRef = A7D99FA7292522A5007FC32A /* MovieRowView.swift */; };
		A7F22CD82920FA93001ECECC /* AlertDialogManager.swift in Sources */ = {isa = PBXBuildFile; fileRef = A7F22CD72920FA93001ECECC /* AlertDialogManager.swift */; };
/* End PBXBuildFile section */

/* Begin PBXContainerItemProxy section */
		A72C60CD2918EBB800A7A5D9 /* PBXContainerItemProxy */ = {
			isa = PBXContainerItemProxy;
			containerPortal = A72C60B42918EBB700A7A5D9 /* Project object */;
			proxyType = 1;
			remoteGlobalIDString = A72C60BB2918EBB700A7A5D9;
			remoteInfo = MovieApp;
		};
		A72C60D72918EBB800A7A5D9 /* PBXContainerItemProxy */ = {
			isa = PBXContainerItemProxy;
			containerPortal = A72C60B42918EBB700A7A5D9 /* Project object */;
			proxyType = 1;
			remoteGlobalIDString = A72C60BB2918EBB700A7A5D9;
			remoteInfo = MovieApp;
		};
/* End PBXContainerItemProxy section */

/* Begin PBXFileReference section */
		A713A3DA2924C4C100FA5054 /* NotificationManager.swift */ = {isa = PBXFileReference; lastKnownFileType = sourcecode.swift; path = NotificationManager.swift; sourceTree = "<group>"; };
		A72C60BC2918EBB700A7A5D9 /* MovieApp.app */ = {isa = PBXFileReference; explicitFileType = wrapper.application; includeInIndex = 0; path = MovieApp.app; sourceTree = BUILT_PRODUCTS_DIR; };
		A72C60BF2918EBB700A7A5D9 /* MovieAppApp.swift */ = {isa = PBXFileReference; lastKnownFileType = sourcecode.swift; path = MovieAppApp.swift; sourceTree = "<group>"; };
		A72C60C12918EBB700A7A5D9 /* LoginView.swift */ = {isa = PBXFileReference; lastKnownFileType = sourcecode.swift; path = LoginView.swift; sourceTree = "<group>"; };
		A72C60C32918EBB800A7A5D9 /* Assets.xcassets */ = {isa = PBXFileReference; lastKnownFileType = folder.assetcatalog; path = Assets.xcassets; sourceTree = "<group>"; };
		A72C60C62918EBB800A7A5D9 /* Preview Assets.xcassets */ = {isa = PBXFileReference; lastKnownFileType = folder.assetcatalog; path = "Preview Assets.xcassets"; sourceTree = "<group>"; };
		A72C60CC2918EBB800A7A5D9 /* MovieAppTests.xctest */ = {isa = PBXFileReference; explicitFileType = wrapper.cfbundle; includeInIndex = 0; path = MovieAppTests.xctest; sourceTree = BUILT_PRODUCTS_DIR; };
		A72C60D02918EBB800A7A5D9 /* MovieAppTests.swift */ = {isa = PBXFileReference; lastKnownFileType = sourcecode.swift; path = MovieAppTests.swift; sourceTree = "<group>"; };
		A72C60D62918EBB800A7A5D9 /* MovieAppUITests.xctest */ = {isa = PBXFileReference; explicitFileType = wrapper.cfbundle; includeInIndex = 0; path = MovieAppUITests.xctest; sourceTree = BUILT_PRODUCTS_DIR; };
		A72C60DA2918EBB800A7A5D9 /* MovieAppUITests.swift */ = {isa = PBXFileReference; lastKnownFileType = sourcecode.swift; path = MovieAppUITests.swift; sourceTree = "<group>"; };
		A72C60DC2918EBB800A7A5D9 /* MovieAppUITestsLaunchTests.swift */ = {isa = PBXFileReference; lastKnownFileType = sourcecode.swift; path = MovieAppUITestsLaunchTests.swift; sourceTree = "<group>"; };
		A72C60E92918F0A000A7A5D9 /* MovieListView.swift */ = {isa = PBXFileReference; lastKnownFileType = sourcecode.swift; path = MovieListView.swift; sourceTree = "<group>"; };
		A72C60EB2918F88C00A7A5D9 /* KeychainManager.swift */ = {isa = PBXFileReference; lastKnownFileType = sourcecode.swift; path = KeychainManager.swift; sourceTree = "<group>"; };
		A72C60F0291A673C00A7A5D9 /* APIService.swift */ = {isa = PBXFileReference; lastKnownFileType = sourcecode.swift; path = APIService.swift; sourceTree = "<group>"; };
		A72C60F2291A79C000A7A5D9 /* MovieResponse.swift */ = {isa = PBXFileReference; lastKnownFileType = sourcecode.swift; path = MovieResponse.swift; sourceTree = "<group>"; };
		A72C60F4291A916B00A7A5D9 /* MovieDetailsView.swift */ = {isa = PBXFileReference; lastKnownFileType = sourcecode.swift; path = MovieDetailsView.swift; sourceTree = "<group>"; };
		A73C69D429224693009BD52D /* URLImageView.swift */ = {isa = PBXFileReference; lastKnownFileType = sourcecode.swift; path = URLImageView.swift; sourceTree = "<group>"; };
		A74800C2292A3DCC00B8A643 /* LoginDataManager.swift */ = {isa = PBXFileReference; lastKnownFileType = sourcecode.swift; path = LoginDataManager.swift; sourceTree = "<group>"; };
		A79A41F5291BC3E4005B4CBA /* FavoritesManager.swift */ = {isa = PBXFileReference; lastKnownFileType = sourcecode.swift; path = FavoritesManager.swift; sourceTree = "<group>"; };
		A79A41F8291BE2F7005B4CBA /* MovieListViewModel.swift */ = {isa = PBXFileReference; lastKnownFileType = sourcecode.swift; path = MovieListViewModel.swift; sourceTree = "<group>"; };
		A79A41FA291BE31A005B4CBA /* LoginStateManager.swift */ = {isa = PBXFileReference; lastKnownFileType = sourcecode.swift; path = LoginStateManager.swift; sourceTree = "<group>"; };
		A79E1E64291CCAB100BF4851 /* ErrorView.swift */ = {isa = PBXFileReference; lastKnownFileType = sourcecode.swift; path = ErrorView.swift; sourceTree = "<group>"; };
		A79E1E66291CF2AD00BF4851 /* AuthTokenManager.swift */ = {isa = PBXFileReference; lastKnownFileType = sourcecode.swift; path = AuthTokenManager.swift; sourceTree = "<group>"; };
		A7D99FA7292522A5007FC32A /* MovieRowView.swift */ = {isa = PBXFileReference; lastKnownFileType = sourcecode.swift; path = MovieRowView.swift; sourceTree = "<group>"; };
		A7F22CD72920FA93001ECECC /* AlertDialogManager.swift */ = {isa = PBXFileReference; lastKnownFileType = sourcecode.swift; path = AlertDialogManager.swift; sourceTree = "<group>"; };
/* End PBXFileReference section */

/* Begin PBXFrameworksBuildPhase section */
		A72C60B92918EBB700A7A5D9 /* Frameworks */ = {
			isa = PBXFrameworksBuildPhase;
			buildActionMask = 2147483647;
			files = (
			);
			runOnlyForDeploymentPostprocessing = 0;
		};
		A72C60C92918EBB800A7A5D9 /* Frameworks */ = {
			isa = PBXFrameworksBuildPhase;
			buildActionMask = 2147483647;
			files = (
			);
			runOnlyForDeploymentPostprocessing = 0;
		};
		A72C60D32918EBB800A7A5D9 /* Frameworks */ = {
			isa = PBXFrameworksBuildPhase;
			buildActionMask = 2147483647;
			files = (
			);
			runOnlyForDeploymentPostprocessing = 0;
		};
/* End PBXFrameworksBuildPhase section */

/* Begin PBXGroup section */
		A713A3D92924C35600FA5054 /* Managers */ = {
			isa = PBXGroup;
			children = (
				A72C60EB2918F88C00A7A5D9 /* KeychainManager.swift */,
				A79A41F5291BC3E4005B4CBA /* FavoritesManager.swift */,
				A7F22CD72920FA93001ECECC /* AlertDialogManager.swift */,
				A79E1E66291CF2AD00BF4851 /* AuthTokenManager.swift */,
				A713A3DA2924C4C100FA5054 /* NotificationManager.swift */,
				A79A41FA291BE31A005B4CBA /* LoginStateManager.swift */,
				A74800C2292A3DCC00B8A643 /* LoginDataManager.swift */,
			);
			path = Managers;
			sourceTree = "<group>";
		};
		A72C60B32918EBB700A7A5D9 = {
			isa = PBXGroup;
			children = (
				A72C60BE2918EBB700A7A5D9 /* MovieApp */,
				A72C60CF2918EBB800A7A5D9 /* MovieAppTests */,
				A72C60D92918EBB800A7A5D9 /* MovieAppUITests */,
				A72C60BD2918EBB700A7A5D9 /* Products */,
			);
			sourceTree = "<group>";
		};
		A72C60BD2918EBB700A7A5D9 /* Products */ = {
			isa = PBXGroup;
			children = (
				A72C60BC2918EBB700A7A5D9 /* MovieApp.app */,
				A72C60CC2918EBB800A7A5D9 /* MovieAppTests.xctest */,
				A72C60D62918EBB800A7A5D9 /* MovieAppUITests.xctest */,
			);
			name = Products;
			sourceTree = "<group>";
		};
		A72C60BE2918EBB700A7A5D9 /* MovieApp */ = {
			isa = PBXGroup;
			children = (
				A713A3D92924C35600FA5054 /* Managers */,
				A79A41F7291BE2E2005B4CBA /* ViewModel */,
				A72C60EF291915EA00A7A5D9 /* Services */,
				A72C60EE291915D500A7A5D9 /* Views */,
				A72C60ED291915CA00A7A5D9 /* Models */,
				A72C60BF2918EBB700A7A5D9 /* MovieAppApp.swift */,
				A72C60C32918EBB800A7A5D9 /* Assets.xcassets */,
				A72C60C52918EBB800A7A5D9 /* Preview Content */,
			);
			path = MovieApp;
			sourceTree = "<group>";
		};
		A72C60C52918EBB800A7A5D9 /* Preview Content */ = {
			isa = PBXGroup;
			children = (
				A72C60C62918EBB800A7A5D9 /* Preview Assets.xcassets */,
			);
			path = "Preview Content";
			sourceTree = "<group>";
		};
		A72C60CF2918EBB800A7A5D9 /* MovieAppTests */ = {
			isa = PBXGroup;
			children = (
				A72C60D02918EBB800A7A5D9 /* MovieAppTests.swift */,
			);
			path = MovieAppTests;
			sourceTree = "<group>";
		};
		A72C60D92918EBB800A7A5D9 /* MovieAppUITests */ = {
			isa = PBXGroup;
			children = (
				A72C60DA2918EBB800A7A5D9 /* MovieAppUITests.swift */,
				A72C60DC2918EBB800A7A5D9 /* MovieAppUITestsLaunchTests.swift */,
			);
			path = MovieAppUITests;
			sourceTree = "<group>";
		};
		A72C60ED291915CA00A7A5D9 /* Models */ = {
			isa = PBXGroup;
			children = (
				A72C60F2291A79C000A7A5D9 /* MovieResponse.swift */,
			);
			path = Models;
			sourceTree = "<group>";
		};
		A72C60EE291915D500A7A5D9 /* Views */ = {
			isa = PBXGroup;
			children = (
				A72C60C12918EBB700A7A5D9 /* LoginView.swift */,
				A72C60E92918F0A000A7A5D9 /* MovieListView.swift */,
				A7D99FA7292522A5007FC32A /* MovieRowView.swift */,
				A73C69D429224693009BD52D /* URLImageView.swift */,
				A72C60F4291A916B00A7A5D9 /* MovieDetailsView.swift */,
				A79E1E64291CCAB100BF4851 /* ErrorView.swift */,
			);
			path = Views;
			sourceTree = "<group>";
		};
		A72C60EF291915EA00A7A5D9 /* Services */ = {
			isa = PBXGroup;
			children = (
				A72C60F0291A673C00A7A5D9 /* APIService.swift */,
			);
			path = Services;
			sourceTree = "<group>";
		};
		A79A41F7291BE2E2005B4CBA /* ViewModel */ = {
			isa = PBXGroup;
			children = (
				A79A41F8291BE2F7005B4CBA /* MovieListViewModel.swift */,
			);
			path = ViewModel;
			sourceTree = "<group>";
		};
/* End PBXGroup section */

/* Begin PBXNativeTarget section */
		A72C60BB2918EBB700A7A5D9 /* MovieApp */ = {
			isa = PBXNativeTarget;
			buildConfigurationList = A72C60E02918EBB800A7A5D9 /* Build configuration list for PBXNativeTarget "MovieApp" */;
			buildPhases = (
				A72C60B82918EBB700A7A5D9 /* Sources */,
				A72C60B92918EBB700A7A5D9 /* Frameworks */,
				A72C60BA2918EBB700A7A5D9 /* Resources */,
			);
			buildRules = (
			);
			dependencies = (
			);
			name = MovieApp;
			productName = MovieApp;
			productReference = A72C60BC2918EBB700A7A5D9 /* MovieApp.app */;
			productType = "com.apple.product-type.application";
		};
		A72C60CB2918EBB800A7A5D9 /* MovieAppTests */ = {
			isa = PBXNativeTarget;
			buildConfigurationList = A72C60E32918EBB800A7A5D9 /* Build configuration list for PBXNativeTarget "MovieAppTests" */;
			buildPhases = (
				A72C60C82918EBB800A7A5D9 /* Sources */,
				A72C60C92918EBB800A7A5D9 /* Frameworks */,
				A72C60CA2918EBB800A7A5D9 /* Resources */,
			);
			buildRules = (
			);
			dependencies = (
				A72C60CE2918EBB800A7A5D9 /* PBXTargetDependency */,
			);
			name = MovieAppTests;
			productName = MovieAppTests;
			productReference = A72C60CC2918EBB800A7A5D9 /* MovieAppTests.xctest */;
			productType = "com.apple.product-type.bundle.unit-test";
		};
		A72C60D52918EBB800A7A5D9 /* MovieAppUITests */ = {
			isa = PBXNativeTarget;
			buildConfigurationList = A72C60E62918EBB800A7A5D9 /* Build configuration list for PBXNativeTarget "MovieAppUITests" */;
			buildPhases = (
				A72C60D22918EBB800A7A5D9 /* Sources */,
				A72C60D32918EBB800A7A5D9 /* Frameworks */,
				A72C60D42918EBB800A7A5D9 /* Resources */,
			);
			buildRules = (
			);
			dependencies = (
				A72C60D82918EBB800A7A5D9 /* PBXTargetDependency */,
			);
			name = MovieAppUITests;
			productName = MovieAppUITests;
			productReference = A72C60D62918EBB800A7A5D9 /* MovieAppUITests.xctest */;
			productType = "com.apple.product-type.bundle.ui-testing";
		};
/* End PBXNativeTarget section */

/* Begin PBXProject section */
		A72C60B42918EBB700A7A5D9 /* Project object */ = {
			isa = PBXProject;
			attributes = {
				BuildIndependentTargetsInParallel = 1;
				LastSwiftUpdateCheck = 1400;
				LastUpgradeCheck = 1400;
				TargetAttributes = {
					A72C60BB2918EBB700A7A5D9 = {
						CreatedOnToolsVersion = 14.0.1;
					};
					A72C60CB2918EBB800A7A5D9 = {
						CreatedOnToolsVersion = 14.0.1;
						TestTargetID = A72C60BB2918EBB700A7A5D9;
					};
					A72C60D52918EBB800A7A5D9 = {
						CreatedOnToolsVersion = 14.0.1;
						TestTargetID = A72C60BB2918EBB700A7A5D9;
					};
				};
			};
			buildConfigurationList = A72C60B72918EBB700A7A5D9 /* Build configuration list for PBXProject "MovieApp" */;
			compatibilityVersion = "Xcode 14.0";
			developmentRegion = en;
			hasScannedForEncodings = 0;
			knownRegions = (
				en,
				Base,
			);
			mainGroup = A72C60B32918EBB700A7A5D9;
			productRefGroup = A72C60BD2918EBB700A7A5D9 /* Products */;
			projectDirPath = "";
			projectRoot = "";
			targets = (
				A72C60BB2918EBB700A7A5D9 /* MovieApp */,
				A72C60CB2918EBB800A7A5D9 /* MovieAppTests */,
				A72C60D52918EBB800A7A5D9 /* MovieAppUITests */,
			);
		};
/* End PBXProject section */

/* Begin PBXResourcesBuildPhase section */
		A72C60BA2918EBB700A7A5D9 /* Resources */ = {
			isa = PBXResourcesBuildPhase;
			buildActionMask = 2147483647;
			files = (
				A72C60C72918EBB800A7A5D9 /* Preview Assets.xcassets in Resources */,
				A72C60C42918EBB800A7A5D9 /* Assets.xcassets in Resources */,
			);
			runOnlyForDeploymentPostprocessing = 0;
		};
		A72C60CA2918EBB800A7A5D9 /* Resources */ = {
			isa = PBXResourcesBuildPhase;
			buildActionMask = 2147483647;
			files = (
			);
			runOnlyForDeploymentPostprocessing = 0;
		};
		A72C60D42918EBB800A7A5D9 /* Resources */ = {
			isa = PBXResourcesBuildPhase;
			buildActionMask = 2147483647;
			files = (
			);
			runOnlyForDeploymentPostprocessing = 0;
		};
/* End PBXResourcesBuildPhase section */

/* Begin PBXSourcesBuildPhase section */
		A72C60B82918EBB700A7A5D9 /* Sources */ = {
			isa = PBXSourcesBuildPhase;
			buildActionMask = 2147483647;
			files = (
				A73C69D529224693009BD52D /* URLImageView.swift in Sources */,
				A7D99FA8292522A5007FC32A /* MovieRowView.swift in Sources */,
				A72C60EA2918F0A000A7A5D9 /* MovieListView.swift in Sources */,
				A72C60F5291A916B00A7A5D9 /* MovieDetailsView.swift in Sources */,
				A72C60F1291A673C00A7A5D9 /* APIService.swift in Sources */,
				A72C60C22918EBB700A7A5D9 /* LoginView.swift in Sources */,
				A72C60F3291A79C000A7A5D9 /* MovieResponse.swift in Sources */,
				A7F22CD82920FA93001ECECC /* AlertDialogManager.swift in Sources */,
				A79A41F6291BC3E4005B4CBA /* FavoritesManager.swift in Sources */,
				A72C60C02918EBB700A7A5D9 /* MovieAppApp.swift in Sources */,
				A72C60EC2918F88C00A7A5D9 /* KeychainManager.swift in Sources */,
				A79A41F9291BE2F7005B4CBA /* MovieListViewModel.swift in Sources */,
				A79A41FB291BE31A005B4CBA /* LoginStateManager.swift in Sources */,
				A713A3DB2924C4C100FA5054 /* NotificationManager.swift in Sources */,
				A79E1E67291CF2AD00BF4851 /* AuthTokenManager.swift in Sources */,
				A74800C3292A3DCC00B8A643 /* LoginDataManager.swift in Sources */,
				A79E1E65291CCAB100BF4851 /* ErrorView.swift in Sources */,
			);
			runOnlyForDeploymentPostprocessing = 0;
		};
		A72C60C82918EBB800A7A5D9 /* Sources */ = {
			isa = PBXSourcesBuildPhase;
			buildActionMask = 2147483647;
			files = (
				A72C60D12918EBB800A7A5D9 /* MovieAppTests.swift in Sources */,
			);
			runOnlyForDeploymentPostprocessing = 0;
		};
		A72C60D22918EBB800A7A5D9 /* Sources */ = {
			isa = PBXSourcesBuildPhase;
			buildActionMask = 2147483647;
			files = (
				A72C60DD2918EBB800A7A5D9 /* MovieAppUITestsLaunchTests.swift in Sources */,
				A72C60DB2918EBB800A7A5D9 /* MovieAppUITests.swift in Sources */,
			);
			runOnlyForDeploymentPostprocessing = 0;
		};
/* End PBXSourcesBuildPhase section */

/* Begin PBXTargetDependency section */
		A72C60CE2918EBB800A7A5D9 /* PBXTargetDependency */ = {
			isa = PBXTargetDependency;
			target = A72C60BB2918EBB700A7A5D9 /* MovieApp */;
			targetProxy = A72C60CD2918EBB800A7A5D9 /* PBXContainerItemProxy */;
		};
		A72C60D82918EBB800A7A5D9 /* PBXTargetDependency */ = {
			isa = PBXTargetDependency;
			target = A72C60BB2918EBB700A7A5D9 /* MovieApp */;
			targetProxy = A72C60D72918EBB800A7A5D9 /* PBXContainerItemProxy */;
		};
/* End PBXTargetDependency section */

/* Begin XCBuildConfiguration section */
		A72C60DE2918EBB800A7A5D9 /* Debug */ = {
			isa = XCBuildConfiguration;
			buildSettings = {
				ALWAYS_SEARCH_USER_PATHS = NO;
				CLANG_ANALYZER_NONNULL = YES;
				CLANG_ANALYZER_NUMBER_OBJECT_CONVERSION = YES_AGGRESSIVE;
				CLANG_CXX_LANGUAGE_STANDARD = "gnu++20";
				CLANG_ENABLE_MODULES = YES;
				CLANG_ENABLE_OBJC_ARC = YES;
				CLANG_ENABLE_OBJC_WEAK = YES;
				CLANG_WARN_BLOCK_CAPTURE_AUTORELEASING = YES;
				CLANG_WARN_BOOL_CONVERSION = YES;
				CLANG_WARN_COMMA = YES;
				CLANG_WARN_CONSTANT_CONVERSION = YES;
				CLANG_WARN_DEPRECATED_OBJC_IMPLEMENTATIONS = YES;
				CLANG_WARN_DIRECT_OBJC_ISA_USAGE = YES_ERROR;
				CLANG_WARN_DOCUMENTATION_COMMENTS = YES;
				CLANG_WARN_EMPTY_BODY = YES;
				CLANG_WARN_ENUM_CONVERSION = YES;
				CLANG_WARN_INFINITE_RECURSION = YES;
				CLANG_WARN_INT_CONVERSION = YES;
				CLANG_WARN_NON_LITERAL_NULL_CONVERSION = YES;
				CLANG_WARN_OBJC_IMPLICIT_RETAIN_SELF = YES;
				CLANG_WARN_OBJC_LITERAL_CONVERSION = YES;
				CLANG_WARN_OBJC_ROOT_CLASS = YES_ERROR;
				CLANG_WARN_QUOTED_INCLUDE_IN_FRAMEWORK_HEADER = YES;
				CLANG_WARN_RANGE_LOOP_ANALYSIS = YES;
				CLANG_WARN_STRICT_PROTOTYPES = YES;
				CLANG_WARN_SUSPICIOUS_MOVE = YES;
				CLANG_WARN_UNGUARDED_AVAILABILITY = YES_AGGRESSIVE;
				CLANG_WARN_UNREACHABLE_CODE = YES;
				CLANG_WARN__DUPLICATE_METHOD_MATCH = YES;
				COPY_PHASE_STRIP = NO;
				DEBUG_INFORMATION_FORMAT = dwarf;
				ENABLE_STRICT_OBJC_MSGSEND = YES;
				ENABLE_TESTABILITY = YES;
				GCC_C_LANGUAGE_STANDARD = gnu11;
				GCC_DYNAMIC_NO_PIC = NO;
				GCC_NO_COMMON_BLOCKS = YES;
				GCC_OPTIMIZATION_LEVEL = 0;
				GCC_PREPROCESSOR_DEFINITIONS = (
					"DEBUG=1",
					"$(inherited)",
				);
				GCC_WARN_64_TO_32_BIT_CONVERSION = YES;
				GCC_WARN_ABOUT_RETURN_TYPE = YES_ERROR;
				GCC_WARN_UNDECLARED_SELECTOR = YES;
				GCC_WARN_UNINITIALIZED_AUTOS = YES_AGGRESSIVE;
				GCC_WARN_UNUSED_FUNCTION = YES;
				GCC_WARN_UNUSED_VARIABLE = YES;
				IPHONEOS_DEPLOYMENT_TARGET = 16.0;
				MTL_ENABLE_DEBUG_INFO = INCLUDE_SOURCE;
				MTL_FAST_MATH = YES;
				ONLY_ACTIVE_ARCH = YES;
				SDKROOT = iphoneos;
				SWIFT_ACTIVE_COMPILATION_CONDITIONS = DEBUG;
				SWIFT_OPTIMIZATION_LEVEL = "-Onone";
			};
			name = Debug;
		};
		A72C60DF2918EBB800A7A5D9 /* Release */ = {
			isa = XCBuildConfiguration;
			buildSettings = {
				ALWAYS_SEARCH_USER_PATHS = NO;
				CLANG_ANALYZER_NONNULL = YES;
				CLANG_ANALYZER_NUMBER_OBJECT_CONVERSION = YES_AGGRESSIVE;
				CLANG_CXX_LANGUAGE_STANDARD = "gnu++20";
				CLANG_ENABLE_MODULES = YES;
				CLANG_ENABLE_OBJC_ARC = YES;
				CLANG_ENABLE_OBJC_WEAK = YES;
				CLANG_WARN_BLOCK_CAPTURE_AUTORELEASING = YES;
				CLANG_WARN_BOOL_CONVERSION = YES;
				CLANG_WARN_COMMA = YES;
				CLANG_WARN_CONSTANT_CONVERSION = YES;
				CLANG_WARN_DEPRECATED_OBJC_IMPLEMENTATIONS = YES;
				CLANG_WARN_DIRECT_OBJC_ISA_USAGE = YES_ERROR;
				CLANG_WARN_DOCUMENTATION_COMMENTS = YES;
				CLANG_WARN_EMPTY_BODY = YES;
				CLANG_WARN_ENUM_CONVERSION = YES;
				CLANG_WARN_INFINITE_RECURSION = YES;
				CLANG_WARN_INT_CONVERSION = YES;
				CLANG_WARN_NON_LITERAL_NULL_CONVERSION = YES;
				CLANG_WARN_OBJC_IMPLICIT_RETAIN_SELF = YES;
				CLANG_WARN_OBJC_LITERAL_CONVERSION = YES;
				CLANG_WARN_OBJC_ROOT_CLASS = YES_ERROR;
				CLANG_WARN_QUOTED_INCLUDE_IN_FRAMEWORK_HEADER = YES;
				CLANG_WARN_RANGE_LOOP_ANALYSIS = YES;
				CLANG_WARN_STRICT_PROTOTYPES = YES;
				CLANG_WARN_SUSPICIOUS_MOVE = YES;
				CLANG_WARN_UNGUARDED_AVAILABILITY = YES_AGGRESSIVE;
				CLANG_WARN_UNREACHABLE_CODE = YES;
				CLANG_WARN__DUPLICATE_METHOD_MATCH = YES;
				COPY_PHASE_STRIP = NO;
				DEBUG_INFORMATION_FORMAT = "dwarf-with-dsym";
				ENABLE_NS_ASSERTIONS = NO;
				ENABLE_STRICT_OBJC_MSGSEND = YES;
				GCC_C_LANGUAGE_STANDARD = gnu11;
				GCC_NO_COMMON_BLOCKS = YES;
				GCC_WARN_64_TO_32_BIT_CONVERSION = YES;
				GCC_WARN_ABOUT_RETURN_TYPE = YES_ERROR;
				GCC_WARN_UNDECLARED_SELECTOR = YES;
				GCC_WARN_UNINITIALIZED_AUTOS = YES_AGGRESSIVE;
				GCC_WARN_UNUSED_FUNCTION = YES;
				GCC_WARN_UNUSED_VARIABLE = YES;
				IPHONEOS_DEPLOYMENT_TARGET = 16.0;
				MTL_ENABLE_DEBUG_INFO = NO;
				MTL_FAST_MATH = YES;
				SDKROOT = iphoneos;
				SWIFT_COMPILATION_MODE = wholemodule;
				SWIFT_OPTIMIZATION_LEVEL = "-O";
				VALIDATE_PRODUCT = YES;
			};
			name = Release;
		};
		A72C60E12918EBB800A7A5D9 /* Debug */ = {
			isa = XCBuildConfiguration;
			buildSettings = {
				ASSETCATALOG_COMPILER_APPICON_NAME = AppIcon;
				ASSETCATALOG_COMPILER_GLOBAL_ACCENT_COLOR_NAME = AccentColor;
				CODE_SIGN_STYLE = Automatic;
				CURRENT_PROJECT_VERSION = 1;
				DEVELOPMENT_ASSET_PATHS = "\"MovieApp/Preview Content\"";
				DEVELOPMENT_TEAM = 65ZYSCGCQ7;
				ENABLE_PREVIEWS = YES;
				GENERATE_INFOPLIST_FILE = YES;
				INFOPLIST_KEY_UIApplicationSceneManifest_Generation = YES;
				INFOPLIST_KEY_UIApplicationSupportsIndirectInputEvents = YES;
				INFOPLIST_KEY_UILaunchScreen_Generation = YES;
				INFOPLIST_KEY_UISupportedInterfaceOrientations_iPad = "UIInterfaceOrientationPortrait UIInterfaceOrientationPortraitUpsideDown UIInterfaceOrientationLandscapeLeft UIInterfaceOrientationLandscapeRight";
				INFOPLIST_KEY_UISupportedInterfaceOrientations_iPhone = "UIInterfaceOrientationPortrait UIInterfaceOrientationLandscapeLeft UIInterfaceOrientationLandscapeRight";
				LD_RUNPATH_SEARCH_PATHS = (
					"$(inherited)",
					"@executable_path/Frameworks",
				);
				MARKETING_VERSION = 1.0;
				PRODUCT_BUNDLE_IDENTIFIER = "com.brain-station-23.MovieApp";
				PRODUCT_NAME = "$(TARGET_NAME)";
				SWIFT_EMIT_LOC_STRINGS = YES;
				SWIFT_VERSION = 5.0;
				TARGETED_DEVICE_FAMILY = "1,2";
			};
			name = Debug;
		};
		A72C60E22918EBB800A7A5D9 /* Release */ = {
			isa = XCBuildConfiguration;
			buildSettings = {
				ASSETCATALOG_COMPILER_APPICON_NAME = AppIcon;
				ASSETCATALOG_COMPILER_GLOBAL_ACCENT_COLOR_NAME = AccentColor;
				CODE_SIGN_STYLE = Automatic;
				CURRENT_PROJECT_VERSION = 1;
				DEVELOPMENT_ASSET_PATHS = "\"MovieApp/Preview Content\"";
				DEVELOPMENT_TEAM = 65ZYSCGCQ7;
				ENABLE_PREVIEWS = YES;
				GENERATE_INFOPLIST_FILE = YES;
				INFOPLIST_KEY_UIApplicationSceneManifest_Generation = YES;
				INFOPLIST_KEY_UIApplicationSupportsIndirectInputEvents = YES;
				INFOPLIST_KEY_UILaunchScreen_Generation = YES;
				INFOPLIST_KEY_UISupportedInterfaceOrientations_iPad = "UIInterfaceOrientationPortrait UIInterfaceOrientationPortraitUpsideDown UIInterfaceOrientationLandscapeLeft UIInterfaceOrientationLandscapeRight";
				INFOPLIST_KEY_UISupportedInterfaceOrientations_iPhone = "UIInterfaceOrientationPortrait UIInterfaceOrientationLandscapeLeft UIInterfaceOrientationLandscapeRight";
				LD_RUNPATH_SEARCH_PATHS = (
					"$(inherited)",
					"@executable_path/Frameworks",
				);
				MARKETING_VERSION = 1.0;
				PRODUCT_BUNDLE_IDENTIFIER = "com.brain-station-23.MovieApp";
				PRODUCT_NAME = "$(TARGET_NAME)";
				SWIFT_EMIT_LOC_STRINGS = YES;
				SWIFT_VERSION = 5.0;
				TARGETED_DEVICE_FAMILY = "1,2";
			};
			name = Release;
		};
		A72C60E42918EBB800A7A5D9 /* Debug */ = {
			isa = XCBuildConfiguration;
			buildSettings = {
				ALWAYS_EMBED_SWIFT_STANDARD_LIBRARIES = YES;
				BUNDLE_LOADER = "$(TEST_HOST)";
				CODE_SIGN_STYLE = Automatic;
				CURRENT_PROJECT_VERSION = 1;
				DEVELOPMENT_TEAM = 65ZYSCGCQ7;
				GENERATE_INFOPLIST_FILE = YES;
				IPHONEOS_DEPLOYMENT_TARGET = 16.0;
				MARKETING_VERSION = 1.0;
				PRODUCT_BUNDLE_IDENTIFIER = "com.brain-station-23.MovieAppTests";
				PRODUCT_NAME = "$(TARGET_NAME)";
				SWIFT_EMIT_LOC_STRINGS = NO;
				SWIFT_VERSION = 5.0;
				TARGETED_DEVICE_FAMILY = "1,2";
				TEST_HOST = "$(BUILT_PRODUCTS_DIR)/MovieApp.app/$(BUNDLE_EXECUTABLE_FOLDER_PATH)/MovieApp";
			};
			name = Debug;
		};
		A72C60E52918EBB800A7A5D9 /* Release */ = {
			isa = XCBuildConfiguration;
			buildSettings = {
				ALWAYS_EMBED_SWIFT_STANDARD_LIBRARIES = YES;
				BUNDLE_LOADER = "$(TEST_HOST)";
				CODE_SIGN_STYLE = Automatic;
				CURRENT_PROJECT_VERSION = 1;
				DEVELOPMENT_TEAM = 65ZYSCGCQ7;
				GENERATE_INFOPLIST_FILE = YES;
				IPHONEOS_DEPLOYMENT_TARGET = 16.0;
				MARKETING_VERSION = 1.0;
				PRODUCT_BUNDLE_IDENTIFIER = "com.brain-station-23.MovieAppTests";
				PRODUCT_NAME = "$(TARGET_NAME)";
				SWIFT_EMIT_LOC_STRINGS = NO;
				SWIFT_VERSION = 5.0;
				TARGETED_DEVICE_FAMILY = "1,2";
				TEST_HOST = "$(BUILT_PRODUCTS_DIR)/MovieApp.app/$(BUNDLE_EXECUTABLE_FOLDER_PATH)/MovieApp";
			};
			name = Release;
		};
		A72C60E72918EBB800A7A5D9 /* Debug */ = {
			isa = XCBuildConfiguration;
			buildSettings = {
				ALWAYS_EMBED_SWIFT_STANDARD_LIBRARIES = YES;
				CODE_SIGN_STYLE = Automatic;
				CURRENT_PROJECT_VERSION = 1;
				DEVELOPMENT_TEAM = 65ZYSCGCQ7;
				GENERATE_INFOPLIST_FILE = YES;
				MARKETING_VERSION = 1.0;
				PRODUCT_BUNDLE_IDENTIFIER = "com.brain-station-23.MovieAppUITests";
				PRODUCT_NAME = "$(TARGET_NAME)";
				SWIFT_EMIT_LOC_STRINGS = NO;
				SWIFT_VERSION = 5.0;
				TARGETED_DEVICE_FAMILY = "1,2";
				TEST_TARGET_NAME = MovieApp;
			};
			name = Debug;
		};
		A72C60E82918EBB800A7A5D9 /* Release */ = {
			isa = XCBuildConfiguration;
			buildSettings = {
				ALWAYS_EMBED_SWIFT_STANDARD_LIBRARIES = YES;
				CODE_SIGN_STYLE = Automatic;
				CURRENT_PROJECT_VERSION = 1;
				DEVELOPMENT_TEAM = 65ZYSCGCQ7;
				GENERATE_INFOPLIST_FILE = YES;
				MARKETING_VERSION = 1.0;
				PRODUCT_BUNDLE_IDENTIFIER = "com.brain-station-23.MovieAppUITests";
				PRODUCT_NAME = "$(TARGET_NAME)";
				SWIFT_EMIT_LOC_STRINGS = NO;
				SWIFT_VERSION = 5.0;
				TARGETED_DEVICE_FAMILY = "1,2";
				TEST_TARGET_NAME = MovieApp;
			};
			name = Release;
		};
/* End XCBuildConfiguration section */

/* Begin XCConfigurationList section */
		A72C60B72918EBB700A7A5D9 /* Build configuration list for PBXProject "MovieApp" */ = {
			isa = XCConfigurationList;
			buildConfigurations = (
				A72C60DE2918EBB800A7A5D9 /* Debug */,
				A72C60DF2918EBB800A7A5D9 /* Release */,
			);
			defaultConfigurationIsVisible = 0;
			defaultConfigurationName = Release;
		};
		A72C60E02918EBB800A7A5D9 /* Build configuration list for PBXNativeTarget "MovieApp" */ = {
			isa = XCConfigurationList;
			buildConfigurations = (
				A72C60E12918EBB800A7A5D9 /* Debug */,
				A72C60E22918EBB800A7A5D9 /* Release */,
			);
			defaultConfigurationIsVisible = 0;
			defaultConfigurationName = Release;
		};
		A72C60E32918EBB800A7A5D9 /* Build configuration list for PBXNativeTarget "MovieAppTests" */ = {
			isa = XCConfigurationList;
			buildConfigurations = (
				A72C60E42918EBB800A7A5D9 /* Debug */,
				A72C60E52918EBB800A7A5D9 /* Release */,
			);
			defaultConfigurationIsVisible = 0;
			defaultConfigurationName = Release;
		};
		A72C60E62918EBB800A7A5D9 /* Build configuration list for PBXNativeTarget "MovieAppUITests" */ = {
			isa = XCConfigurationList;
			buildConfigurations = (
				A72C60E72918EBB800A7A5D9 /* Debug */,
				A72C60E82918EBB800A7A5D9 /* Release */,
			);
			defaultConfigurationIsVisible = 0;
			defaultConfigurationName = Release;
		};
/* End XCConfigurationList section */
	};
	rootObject = A72C60B42918EBB700A7A5D9 /* Project object */;
}
